// !$*UTF8*$!
{
	archiveVersion = 1;
	classes = {
	};
	objectVersion = 50;
	objects = {

/* Begin PBXBuildFile section */
		8D4505FA21BA1CE900AD60A7 /* AppDelegate.m in Sources */ = {isa = PBXBuildFile; fileRef = 8D4505F921BA1CE900AD60A7 /* AppDelegate.m */; };
		8D4505FD21BA1CE900AD60A7 /* ViewController.m in Sources */ = {isa = PBXBuildFile; fileRef = 8D4505FC21BA1CE900AD60A7 /* ViewController.m */; };
		8D45060021BA1CE900AD60A7 /* Main.storyboard in Resources */ = {isa = PBXBuildFile; fileRef = 8D4505FE21BA1CE900AD60A7 /* Main.storyboard */; };
		8D45060221BA1CEA00AD60A7 /* Assets.xcassets in Resources */ = {isa = PBXBuildFile; fileRef = 8D45060121BA1CEA00AD60A7 /* Assets.xcassets */; };
		8D45060521BA1CEA00AD60A7 /* LaunchScreen.storyboard in Resources */ = {isa = PBXBuildFile; fileRef = 8D45060321BA1CEA00AD60A7 /* LaunchScreen.storyboard */; };
		8D45060821BA1CEA00AD60A7 /* main.m in Sources */ = {isa = PBXBuildFile; fileRef = 8D45060721BA1CEA00AD60A7 /* main.m */; };
		8D45061221BA1CEA00AD60A7 /* __NSLockTests.m in Sources */ = {isa = PBXBuildFile; fileRef = 8D45061121BA1CEA00AD60A7 /* __NSLockTests.m */; };
		8D45061D21BA1CEA00AD60A7 /* __NSLockUITests.m in Sources */ = {isa = PBXBuildFile; fileRef = 8D45061C21BA1CEA00AD60A7 /* __NSLockUITests.m */; };
/* End PBXBuildFile section */

/* Begin PBXContainerItemProxy section */
		8D45060E21BA1CEA00AD60A7 /* PBXContainerItemProxy */ = {
			isa = PBXContainerItemProxy;
			containerPortal = 8D4505ED21BA1CE900AD60A7 /* Project object */;
			proxyType = 1;
			remoteGlobalIDString = 8D4505F421BA1CE900AD60A7;
			remoteInfo = "锁 NSLock";
		};
		8D45061921BA1CEA00AD60A7 /* PBXContainerItemProxy */ = {
			isa = PBXContainerItemProxy;
			containerPortal = 8D4505ED21BA1CE900AD60A7 /* Project object */;
			proxyType = 1;
			remoteGlobalIDString = 8D4505F421BA1CE900AD60A7;
			remoteInfo = "锁 NSLock";
		};
/* End PBXContainerItemProxy section */

/* Begin PBXFileReference section */
		8D4505F521BA1CE900AD60A7 /* 锁 NSLock.app */ = {isa = PBXFileReference; explicitFileType = wrapper.application; includeInIndex = 0; path = "锁 NSLock.app"; sourceTree = BUILT_PRODUCTS_DIR; };
		8D4505F821BA1CE900AD60A7 /* AppDelegate.h */ = {isa = PBXFileReference; lastKnownFileType = sourcecode.c.h; path = AppDelegate.h; sourceTree = "<group>"; };
		8D4505F921BA1CE900AD60A7 /* AppDelegate.m */ = {isa = PBXFileReference; lastKnownFileType = sourcecode.c.objc; path = AppDelegate.m; sourceTree = "<group>"; };
		8D4505FB21BA1CE900AD60A7 /* ViewController.h */ = {isa = PBXFileReference; lastKnownFileType = sourcecode.c.h; path = ViewController.h; sourceTree = "<group>"; };
		8D4505FC21BA1CE900AD60A7 /* ViewController.m */ = {isa = PBXFileReference; lastKnownFileType = sourcecode.c.objc; path = ViewController.m; sourceTree = "<group>"; };
		8D4505FF21BA1CE900AD60A7 /* Base */ = {isa = PBXFileReference; lastKnownFileType = file.storyboard; name = Base; path = Base.lproj/Main.storyboard; sourceTree = "<group>"; };
		8D45060121BA1CEA00AD60A7 /* Assets.xcassets */ = {isa = PBXFileReference; lastKnownFileType = folder.assetcatalog; path = Assets.xcassets; sourceTree = "<group>"; };
		8D45060421BA1CEA00AD60A7 /* Base */ = {isa = PBXFileReference; lastKnownFileType = file.storyboard; name = Base; path = Base.lproj/LaunchScreen.storyboard; sourceTree = "<group>"; };
		8D45060621BA1CEA00AD60A7 /* Info.plist */ = {isa = PBXFileReference; lastKnownFileType = text.plist.xml; path = Info.plist; sourceTree = "<group>"; };
		8D45060721BA1CEA00AD60A7 /* main.m */ = {isa = PBXFileReference; lastKnownFileType = sourcecode.c.objc; path = main.m; sourceTree = "<group>"; };
		8D45060D21BA1CEA00AD60A7 /* 锁 NSLockTests.xctest */ = {isa = PBXFileReference; explicitFileType = wrapper.cfbundle; includeInIndex = 0; path = "锁 NSLockTests.xctest"; sourceTree = BUILT_PRODUCTS_DIR; };
		8D45061121BA1CEA00AD60A7 /* __NSLockTests.m */ = {isa = PBXFileReference; lastKnownFileType = sourcecode.c.objc; path = __NSLockTests.m; sourceTree = "<group>"; };
		8D45061321BA1CEA00AD60A7 /* Info.plist */ = {isa = PBXFileReference; lastKnownFileType = text.plist.xml; path = Info.plist; sourceTree = "<group>"; };
		8D45061821BA1CEA00AD60A7 /* 锁 NSLockUITests.xctest */ = {isa = PBXFileReference; explicitFileType = wrapper.cfbundle; includeInIndex = 0; path = "锁 NSLockUITests.xctest"; sourceTree = BUILT_PRODUCTS_DIR; };
		8D45061C21BA1CEA00AD60A7 /* __NSLockUITests.m */ = {isa = PBXFileReference; lastKnownFileType = sourcecode.c.objc; path = __NSLockUITests.m; sourceTree = "<group>"; };
		8D45061E21BA1CEA00AD60A7 /* Info.plist */ = {isa = PBXFileReference; lastKnownFileType = text.plist.xml; path = Info.plist; sourceTree = "<group>"; };
/* End PBXFileReference section */

/* Begin PBXFrameworksBuildPhase section */
		8D4505F221BA1CE900AD60A7 /* Frameworks */ = {
			isa = PBXFrameworksBuildPhase;
			buildActionMask = 2147483647;
			files = (
			);
			runOnlyForDeploymentPostprocessing = 0;
		};
		8D45060A21BA1CEA00AD60A7 /* Frameworks */ = {
			isa = PBXFrameworksBuildPhase;
			buildActionMask = 2147483647;
			files = (
			);
			runOnlyForDeploymentPostprocessing = 0;
		};
		8D45061521BA1CEA00AD60A7 /* Frameworks */ = {
			isa = PBXFrameworksBuildPhase;
			buildActionMask = 2147483647;
			files = (
			);
			runOnlyForDeploymentPostprocessing = 0;
		};
/* End PBXFrameworksBuildPhase section */

/* Begin PBXGroup section */
		8D4505EC21BA1CE900AD60A7 = {
			isa = PBXGroup;
			children = (
				8D4505F721BA1CE900AD60A7 /* 锁 NSLock */,
				8D45061021BA1CEA00AD60A7 /* 锁 NSLockTests */,
				8D45061B21BA1CEA00AD60A7 /* 锁 NSLockUITests */,
				8D4505F621BA1CE900AD60A7 /* Products */,
			);
			sourceTree = "<group>";
		};
		8D4505F621BA1CE900AD60A7 /* Products */ = {
			isa = PBXGroup;
			children = (
				8D4505F521BA1CE900AD60A7 /* 锁 NSLock.app */,
				8D45060D21BA1CEA00AD60A7 /* 锁 NSLockTests.xctest */,
				8D45061821BA1CEA00AD60A7 /* 锁 NSLockUITests.xctest */,
			);
			name = Products;
			sourceTree = "<group>";
		};
		8D4505F721BA1CE900AD60A7 /* 锁 NSLock */ = {
			isa = PBXGroup;
			children = (
				8D4505F821BA1CE900AD60A7 /* AppDelegate.h */,
				8D4505F921BA1CE900AD60A7 /* AppDelegate.m */,
				8D4505FB21BA1CE900AD60A7 /* ViewController.h */,
				8D4505FC21BA1CE900AD60A7 /* ViewController.m */,
				8D4505FE21BA1CE900AD60A7 /* Main.storyboard */,
				8D45060121BA1CEA00AD60A7 /* Assets.xcassets */,
				8D45060321BA1CEA00AD60A7 /* LaunchScreen.storyboard */,
				8D45060621BA1CEA00AD60A7 /* Info.plist */,
				8D45060721BA1CEA00AD60A7 /* main.m */,
			);
			path = "锁 NSLock";
			sourceTree = "<group>";
		};
		8D45061021BA1CEA00AD60A7 /* 锁 NSLockTests */ = {
			isa = PBXGroup;
			children = (
				8D45061121BA1CEA00AD60A7 /* __NSLockTests.m */,
				8D45061321BA1CEA00AD60A7 /* Info.plist */,
			);
			path = "锁 NSLockTests";
			sourceTree = "<group>";
		};
		8D45061B21BA1CEA00AD60A7 /* 锁 NSLockUITests */ = {
			isa = PBXGroup;
			children = (
				8D45061C21BA1CEA00AD60A7 /* __NSLockUITests.m */,
				8D45061E21BA1CEA00AD60A7 /* Info.plist */,
			);
			path = "锁 NSLockUITests";
			sourceTree = "<group>";
		};
/* End PBXGroup section */

/* Begin PBXNativeTarget section */
		8D4505F421BA1CE900AD60A7 /* 锁 NSLock */ = {
			isa = PBXNativeTarget;
			buildConfigurationList = 8D45062121BA1CEA00AD60A7 /* Build configuration list for PBXNativeTarget "锁 NSLock" */;
			buildPhases = (
				8D4505F121BA1CE900AD60A7 /* Sources */,
				8D4505F221BA1CE900AD60A7 /* Frameworks */,
				8D4505F321BA1CE900AD60A7 /* Resources */,
			);
			buildRules = (
			);
			dependencies = (
			);
			name = "锁 NSLock";
			productName = "锁 NSLock";
			productReference = 8D4505F521BA1CE900AD60A7 /* 锁 NSLock.app */;
			productType = "com.apple.product-type.application";
		};
		8D45060C21BA1CEA00AD60A7 /* 锁 NSLockTests */ = {
			isa = PBXNativeTarget;
			buildConfigurationList = 8D45062421BA1CEA00AD60A7 /* Build configuration list for PBXNativeTarget "锁 NSLockTests" */;
			buildPhases = (
				8D45060921BA1CEA00AD60A7 /* Sources */,
				8D45060A21BA1CEA00AD60A7 /* Frameworks */,
				8D45060B21BA1CEA00AD60A7 /* Resources */,
			);
			buildRules = (
			);
			dependencies = (
				8D45060F21BA1CEA00AD60A7 /* PBXTargetDependency */,
			);
			name = "锁 NSLockTests";
			productName = "锁 NSLockTests";
			productReference = 8D45060D21BA1CEA00AD60A7 /* 锁 NSLockTests.xctest */;
			productType = "com.apple.product-type.bundle.unit-test";
		};
		8D45061721BA1CEA00AD60A7 /* 锁 NSLockUITests */ = {
			isa = PBXNativeTarget;
			buildConfigurationList = 8D45062721BA1CEA00AD60A7 /* Build configuration list for PBXNativeTarget "锁 NSLockUITests" */;
			buildPhases = (
				8D45061421BA1CEA00AD60A7 /* Sources */,
				8D45061521BA1CEA00AD60A7 /* Frameworks */,
				8D45061621BA1CEA00AD60A7 /* Resources */,
			);
			buildRules = (
			);
			dependencies = (
				8D45061A21BA1CEA00AD60A7 /* PBXTargetDependency */,
			);
			name = "锁 NSLockUITests";
			productName = "锁 NSLockUITests";
			productReference = 8D45061821BA1CEA00AD60A7 /* 锁 NSLockUITests.xctest */;
			productType = "com.apple.product-type.bundle.ui-testing";
		};
/* End PBXNativeTarget section */

/* Begin PBXProject section */
		8D4505ED21BA1CE900AD60A7 /* Project object */ = {
			isa = PBXProject;
			attributes = {
				LastUpgradeCheck = 1010;
				ORGANIZATIONNAME = "gavin hu";
				TargetAttributes = {
					8D4505F421BA1CE900AD60A7 = {
						CreatedOnToolsVersion = 10.1;
					};
					8D45060C21BA1CEA00AD60A7 = {
						CreatedOnToolsVersion = 10.1;
						TestTargetID = 8D4505F421BA1CE900AD60A7;
					};
					8D45061721BA1CEA00AD60A7 = {
						CreatedOnToolsVersion = 10.1;
						TestTargetID = 8D4505F421BA1CE900AD60A7;
					};
				};
			};
			buildConfigurationList = 8D4505F021BA1CE900AD60A7 /* Build configuration list for PBXProject "锁 NSLock" */;
			compatibilityVersion = "Xcode 9.3";
			developmentRegion = en;
			hasScannedForEncodings = 0;
			knownRegions = (
				en,
				Base,
			);
			mainGroup = 8D4505EC21BA1CE900AD60A7;
			productRefGroup = 8D4505F621BA1CE900AD60A7 /* Products */;
			projectDirPath = "";
			projectRoot = "";
			targets = (
				8D4505F421BA1CE900AD60A7 /* 锁 NSLock */,
				8D45060C21BA1CEA00AD60A7 /* 锁 NSLockTests */,
				8D45061721BA1CEA00AD60A7 /* 锁 NSLockUITests */,
			);
		};
/* End PBXProject section */

/* Begin PBXResourcesBuildPhase section */
		8D4505F321BA1CE900AD60A7 /* Resources */ = {
			isa = PBXResourcesBuildPhase;
			buildActionMask = 2147483647;
			files = (
				8D45060521BA1CEA00AD60A7 /* LaunchScreen.storyboard in Resources */,
				8D45060221BA1CEA00AD60A7 /* Assets.xcassets in Resources */,
				8D45060021BA1CE900AD60A7 /* Main.storyboard in Resources */,
			);
			runOnlyForDeploymentPostprocessing = 0;
		};
		8D45060B21BA1CEA00AD60A7 /* Resources */ = {
			isa = PBXResourcesBuildPhase;
			buildActionMask = 2147483647;
			files = (
			);
			runOnlyForDeploymentPostprocessing = 0;
		};
		8D45061621BA1CEA00AD60A7 /* Resources */ = {
			isa = PBXResourcesBuildPhase;
			buildActionMask = 2147483647;
			files = (
			);
			runOnlyForDeploymentPostprocessing = 0;
		};
/* End PBXResourcesBuildPhase section */

/* Begin PBXSourcesBuildPhase section */
		8D4505F121BA1CE900AD60A7 /* Sources */ = {
			isa = PBXSourcesBuildPhase;
			buildActionMask = 2147483647;
			files = (
				8D4505FD21BA1CE900AD60A7 /* ViewController.m in Sources */,
				8D45060821BA1CEA00AD60A7 /* main.m in Sources */,
				8D4505FA21BA1CE900AD60A7 /* AppDelegate.m in Sources */,
			);
			runOnlyForDeploymentPostprocessing = 0;
		};
		8D45060921BA1CEA00AD60A7 /* Sources */ = {
			isa = PBXSourcesBuildPhase;
			buildActionMask = 2147483647;
			files = (
				8D45061221BA1CEA00AD60A7 /* __NSLockTests.m in Sources */,
			);
			runOnlyForDeploymentPostprocessing = 0;
		};
		8D45061421BA1CEA00AD60A7 /* Sources */ = {
			isa = PBXSourcesBuildPhase;
			buildActionMask = 2147483647;
			files = (
				8D45061D21BA1CEA00AD60A7 /* __NSLockUITests.m in Sources */,
			);
			runOnlyForDeploymentPostprocessing = 0;
		};
/* End PBXSourcesBuildPhase section */

/* Begin PBXTargetDependency section */
		8D45060F21BA1CEA00AD60A7 /* PBXTargetDependency */ = {
			isa = PBXTargetDependency;
			target = 8D4505F421BA1CE900AD60A7 /* 锁 NSLock */;
			targetProxy = 8D45060E21BA1CEA00AD60A7 /* PBXContainerItemProxy */;
		};
		8D45061A21BA1CEA00AD60A7 /* PBXTargetDependency */ = {
			isa = PBXTargetDependency;
			target = 8D4505F421BA1CE900AD60A7 /* 锁 NSLock */;
			targetProxy = 8D45061921BA1CEA00AD60A7 /* PBXContainerItemProxy */;
		};
/* End PBXTargetDependency section */

/* Begin PBXVariantGroup section */
		8D4505FE21BA1CE900AD60A7 /* Main.storyboard */ = {
			isa = PBXVariantGroup;
			children = (
				8D4505FF21BA1CE900AD60A7 /* Base */,
			);
			name = Main.storyboard;
			sourceTree = "<group>";
		};
		8D45060321BA1CEA00AD60A7 /* LaunchScreen.storyboard */ = {
			isa = PBXVariantGroup;
			children = (
				8D45060421BA1CEA00AD60A7 /* Base */,
			);
			name = LaunchScreen.storyboard;
			sourceTree = "<group>";
		};
/* End PBXVariantGroup section */

/* Begin XCBuildConfiguration section */
		8D45061F21BA1CEA00AD60A7 /* Debug */ = {
			isa = XCBuildConfiguration;
			buildSettings = {
				ALWAYS_SEARCH_USER_PATHS = NO;
				CLANG_ANALYZER_NONNULL = YES;
				CLANG_ANALYZER_NUMBER_OBJECT_CONVERSION = YES_AGGRESSIVE;
				CLANG_CXX_LANGUAGE_STANDARD = "gnu++14";
				CLANG_CXX_LIBRARY = "libc++";
				CLANG_ENABLE_MODULES = YES;
				CLANG_ENABLE_OBJC_ARC = YES;
				CLANG_ENABLE_OBJC_WEAK = YES;
				CLANG_WARN_BLOCK_CAPTURE_AUTORELEASING = YES;
				CLANG_WARN_BOOL_CONVERSION = YES;
				CLANG_WARN_COMMA = YES;
				CLANG_WARN_CONSTANT_CONVERSION = YES;
				CLANG_WARN_DEPRECATED_OBJC_IMPLEMENTATIONS = YES;
				CLANG_WARN_DIRECT_OBJC_ISA_USAGE = YES_ERROR;
				CLANG_WARN_DOCUMENTATION_COMMENTS = YES;
				CLANG_WARN_EMPTY_BODY = YES;
				CLANG_WARN_ENUM_CONVERSION = YES;
				CLANG_WARN_INFINITE_RECURSION = YES;
				CLANG_WARN_INT_CONVERSION = YES;
				CLANG_WARN_NON_LITERAL_NULL_CONVERSION = YES;
				CLANG_WARN_OBJC_IMPLICIT_RETAIN_SELF = YES;
				CLANG_WARN_OBJC_LITERAL_CONVERSION = YES;
				CLANG_WARN_OBJC_ROOT_CLASS = YES_ERROR;
				CLANG_WARN_RANGE_LOOP_ANALYSIS = YES;
				CLANG_WARN_STRICT_PROTOTYPES = YES;
				CLANG_WARN_SUSPICIOUS_MOVE = YES;
				CLANG_WARN_UNGUARDED_AVAILABILITY = YES_AGGRESSIVE;
				CLANG_WARN_UNREACHABLE_CODE = YES;
				CLANG_WARN__DUPLICATE_METHOD_MATCH = YES;
				CODE_SIGN_IDENTITY = "iPhone Developer";
				COPY_PHASE_STRIP = NO;
				DEBUG_INFORMATION_FORMAT = dwarf;
				ENABLE_STRICT_OBJC_MSGSEND = YES;
				ENABLE_TESTABILITY = YES;
				GCC_C_LANGUAGE_STANDARD = gnu11;
				GCC_DYNAMIC_NO_PIC = NO;
				GCC_NO_COMMON_BLOCKS = YES;
				GCC_OPTIMIZATION_LEVEL = 0;
				GCC_PREPROCESSOR_DEFINITIONS = (
					"DEBUG=1",
					"$(inherited)",
				);
				GCC_WARN_64_TO_32_BIT_CONVERSION = YES;
				GCC_WARN_ABOUT_RETURN_TYPE = YES_ERROR;
				GCC_WARN_UNDECLARED_SELECTOR = YES;
				GCC_WARN_UNINITIALIZED_AUTOS = YES_AGGRESSIVE;
				GCC_WARN_UNUSED_FUNCTION = YES;
				GCC_WARN_UNUSED_VARIABLE = YES;
				IPHONEOS_DEPLOYMENT_TARGET = 12.1;
				MTL_ENABLE_DEBUG_INFO = INCLUDE_SOURCE;
				MTL_FAST_MATH = YES;
				ONLY_ACTIVE_ARCH = YES;
				SDKROOT = iphoneos;
			};
			name = Debug;
		};
		8D45062021BA1CEA00AD60A7 /* Release */ = {
			isa = XCBuildConfiguration;
			buildSettings = {
				ALWAYS_SEARCH_USER_PATHS = NO;
				CLANG_ANALYZER_NONNULL = YES;
				CLANG_ANALYZER_NUMBER_OBJECT_CONVERSION = YES_AGGRESSIVE;
				CLANG_CXX_LANGUAGE_STANDARD = "gnu++14";
				CLANG_CXX_LIBRARY = "libc++";
				CLANG_ENABLE_MODULES = YES;
				CLANG_ENABLE_OBJC_ARC = YES;
				CLANG_ENABLE_OBJC_WEAK = YES;
				CLANG_WARN_BLOCK_CAPTURE_AUTORELEASING = YES;
				CLANG_WARN_BOOL_CONVERSION = YES;
				CLANG_WARN_COMMA = YES;
				CLANG_WARN_CONSTANT_CONVERSION = YES;
				CLANG_WARN_DEPRECATED_OBJC_IMPLEMENTATIONS = YES;
				CLANG_WARN_DIRECT_OBJC_ISA_USAGE = YES_ERROR;
				CLANG_WARN_DOCUMENTATION_COMMENTS = YES;
				CLANG_WARN_EMPTY_BODY = YES;
				CLANG_WARN_ENUM_CONVERSION = YES;
				CLANG_WARN_INFINITE_RECURSION = YES;
				CLANG_WARN_INT_CONVERSION = YES;
				CLANG_WARN_NON_LITERAL_NULL_CONVERSION = YES;
				CLANG_WARN_OBJC_IMPLICIT_RETAIN_SELF = YES;
				CLANG_WARN_OBJC_LITERAL_CONVERSION = YES;
				CLANG_WARN_OBJC_ROOT_CLASS = YES_ERROR;
				CLANG_WARN_RANGE_LOOP_ANALYSIS = YES;
				CLANG_WARN_STRICT_PROTOTYPES = YES;
				CLANG_WARN_SUSPICIOUS_MOVE = YES;
				CLANG_WARN_UNGUARDED_AVAILABILITY = YES_AGGRESSIVE;
				CLANG_WARN_UNREACHABLE_CODE = YES;
				CLANG_WARN__DUPLICATE_METHOD_MATCH = YES;
				CODE_SIGN_IDENTITY = "iPhone Developer";
				COPY_PHASE_STRIP = NO;
				DEBUG_INFORMATION_FORMAT = "dwarf-with-dsym";
				ENABLE_NS_ASSERTIONS = NO;
				ENABLE_STRICT_OBJC_MSGSEND = YES;
				GCC_C_LANGUAGE_STANDARD = gnu11;
				GCC_NO_COMMON_BLOCKS = YES;
				GCC_WARN_64_TO_32_BIT_CONVERSION = YES;
				GCC_WARN_ABOUT_RETURN_TYPE = YES_ERROR;
				GCC_WARN_UNDECLARED_SELECTOR = YES;
				GCC_WARN_UNINITIALIZED_AUTOS = YES_AGGRESSIVE;
				GCC_WARN_UNUSED_FUNCTION = YES;
				GCC_WARN_UNUSED_VARIABLE = YES;
				IPHONEOS_DEPLOYMENT_TARGET = 12.1;
				MTL_ENABLE_DEBUG_INFO = NO;
				MTL_FAST_MATH = YES;
				SDKROOT = iphoneos;
				VALIDATE_PRODUCT = YES;
			};
			name = Release;
		};
		8D45062221BA1CEA00AD60A7 /* Debug */ = {
			isa = XCBuildConfiguration;
			buildSettings = {
				ASSETCATALOG_COMPILER_APPICON_NAME = AppIcon;
				CODE_SIGN_STYLE = Automatic;
				DEVELOPMENT_TEAM = KRYE8VW74K;
				INFOPLIST_FILE = "锁 NSLock/Info.plist";
				LD_RUNPATH_SEARCH_PATHS = (
					"$(inherited)",
					"@executable_path/Frameworks",
				);
				PRODUCT_BUNDLE_IDENTIFIER = "com.hu.--NSLock";
				PRODUCT_NAME = "$(TARGET_NAME)";
				TARGETED_DEVICE_FAMILY = "1,2";
			};
			name = Debug;
		};
		8D45062321BA1CEA00AD60A7 /* Release */ = {
			isa = XCBuildConfiguration;
			buildSettings = {
				ASSETCATALOG_COMPILER_APPICON_NAME = AppIcon;
				CODE_SIGN_STYLE = Automatic;
				DEVELOPMENT_TEAM = KRYE8VW74K;
				INFOPLIST_FILE = "锁 NSLock/Info.plist";
				LD_RUNPATH_SEARCH_PATHS = (
					"$(inherited)",
					"@executable_path/Frameworks",
				);
				PRODUCT_BUNDLE_IDENTIFIER = "com.hu.--NSLock";
				PRODUCT_NAME = "$(TARGET_NAME)";
				TARGETED_DEVICE_FAMILY = "1,2";
			};
			name = Release;
		};
		8D45062521BA1CEA00AD60A7 /* Debug */ = {
			isa = XCBuildConfiguration;
			buildSettings = {
				BUNDLE_LOADER = "$(TEST_HOST)";
				CODE_SIGN_STYLE = Automatic;
				INFOPLIST_FILE = "锁 NSLockTests/Info.plist";
				LD_RUNPATH_SEARCH_PATHS = (
					"$(inherited)",
					"@executable_path/Frameworks",
					"@loader_path/Frameworks",
				);
				PRODUCT_BUNDLE_IDENTIFIER = "com.hu.--NSLockTests";
				PRODUCT_NAME = "$(TARGET_NAME)";
				TARGETED_DEVICE_FAMILY = "1,2";
				TEST_HOST = "$(BUILT_PRODUCTS_DIR)/锁 NSLock.app/锁 NSLock";
			};
			name = Debug;
		};
		8D45062621BA1CEA00AD60A7 /* Release */ = {
			isa = XCBuildConfiguration;
			buildSettings = {
				BUNDLE_LOADER = "$(TEST_HOST)";
				CODE_SIGN_STYLE = Automatic;
				INFOPLIST_FILE = "锁 NSLockTests/Info.plist";
				LD_RUNPATH_SEARCH_PATHS = (
					"$(inherited)",
					"@executable_path/Frameworks",
					"@loader_path/Frameworks",
				);
				PRODUCT_BUNDLE_IDENTIFIER = "com.hu.--NSLockTests";
				PRODUCT_NAME = "$(TARGET_NAME)";
				TARGETED_DEVICE_FAMILY = "1,2";
				TEST_HOST = "$(BUILT_PRODUCTS_DIR)/锁 NSLock.app/锁 NSLock";
			};
			name = Release;
		};
		8D45062821BA1CEA00AD60A7 /* Debug */ = {
			isa = XCBuildConfiguration;
			buildSettings = {
				CODE_SIGN_STYLE = Automatic;
				INFOPLIST_FILE = "锁 NSLockUITests/Info.plist";
				LD_RUNPATH_SEARCH_PATHS = (
					"$(inherited)",
					"@executable_path/Frameworks",
					"@loader_path/Frameworks",
				);
				PRODUCT_BUNDLE_IDENTIFIER = "com.hu.--NSLockUITests";
				PRODUCT_NAME = "$(TARGET_NAME)";
				TARGETED_DEVICE_FAMILY = "1,2";
				TEST_TARGET_NAME = "锁 NSLock";
			};
			name = Debug;
		};
		8D45062921BA1CEA00AD60A7 /* Release */ = {
			isa = XCBuildConfiguration;
			buildSettings = {
				CODE_SIGN_STYLE = Automatic;
				INFOPLIST_FILE = "锁 NSLockUITests/Info.plist";
				LD_RUNPATH_SEARCH_PATHS = (
					"$(inherited)",
					"@executable_path/Frameworks",
					"@loader_path/Frameworks",
				);
				PRODUCT_BUNDLE_IDENTIFIER = "com.hu.--NSLockUITests";
				PRODUCT_NAME = "$(TARGET_NAME)";
				TARGETED_DEVICE_FAMILY = "1,2";
				TEST_TARGET_NAME = "锁 NSLock";
			};
			name = Release;
		};
/* End XCBuildConfiguration section */

/* Begin XCConfigurationList section */
		8D4505F021BA1CE900AD60A7 /* Build configuration list for PBXProject "锁 NSLock" */ = {
			isa = XCConfigurationList;
			buildConfigurations = (
				8D45061F21BA1CEA00AD60A7 /* Debug */,
				8D45062021BA1CEA00AD60A7 /* Release */,
			);
			defaultConfigurationIsVisible = 0;
			defaultConfigurationName = Release;
		};
		8D45062121BA1CEA00AD60A7 /* Build configuration list for PBXNativeTarget "锁 NSLock" */ = {
			isa = XCConfigurationList;
			buildConfigurations = (
				8D45062221BA1CEA00AD60A7 /* Debug */,
				8D45062321BA1CEA00AD60A7 /* Release */,
			);
			defaultConfigurationIsVisible = 0;
			defaultConfigurationName = Release;
		};
		8D45062421BA1CEA00AD60A7 /* Build configuration list for PBXNativeTarget "锁 NSLockTests" */ = {
			isa = XCConfigurationList;
			buildConfigurations = (
				8D45062521BA1CEA00AD60A7 /* Debug */,
				8D45062621BA1CEA00AD60A7 /* Release */,
			);
			defaultConfigurationIsVisible = 0;
			defaultConfigurationName = Release;
		};
		8D45062721BA1CEA00AD60A7 /* Build configuration list for PBXNativeTarget "锁 NSLockUITests" */ = {
			isa = XCConfigurationList;
			buildConfigurations = (
				8D45062821BA1CEA00AD60A7 /* Debug */,
				8D45062921BA1CEA00AD60A7 /* Release */,
			);
			defaultConfigurationIsVisible = 0;
			defaultConfigurationName = Release;
		};
/* End XCConfigurationList section */
	};
	rootObject = 8D4505ED21BA1CE900AD60A7 /* Project object */;
}
