// !$*UTF8*$!
{
	archiveVersion = 1;
	classes = {
	};
	objectVersion = 50;
	objects = {

/* Begin PBXBuildFile section */
		0E4EB71E83202E3354FE69C2 /* Pods_RXSwiftStudy.framework in Frameworks */ = {isa = PBXBuildFile; fileRef = 9720D7AFBA420496D7F49FB9 /* Pods_RXSwiftStudy.framework */; settings = {ATTRIBUTES = (Required, ); }; };
		320AD22921944BF5007BF7FF /* AppDelegate.swift in Sources */ = {isa = PBXBuildFile; fileRef = 320AD22821944BF5007BF7FF /* AppDelegate.swift */; };
		320AD22B21944BF5007BF7FF /* ViewController.swift in Sources */ = {isa = PBXBuildFile; fileRef = 320AD22A21944BF5007BF7FF /* ViewController.swift */; };
		320AD22E21944BF5007BF7FF /* Main.storyboard in Resources */ = {isa = PBXBuildFile; fileRef = 320AD22C21944BF5007BF7FF /* Main.storyboard */; };
		320AD23021944BF7007BF7FF /* Assets.xcassets in Resources */ = {isa = PBXBuildFile; fileRef = 320AD22F21944BF7007BF7FF /* Assets.xcassets */; };
		320AD23321944BF7007BF7FF /* LaunchScreen.storyboard in Resources */ = {isa = PBXBuildFile; fileRef = 320AD23121944BF7007BF7FF /* LaunchScreen.storyboard */; };
/* End PBXBuildFile section */

/* Begin PBXFileReference section */
		22E6D7A44C773AB081328041 /* Pods-RXSwiftStudy.release.xcconfig */ = {isa = PBXFileReference; includeInIndex = 1; lastKnownFileType = text.xcconfig; name = "Pods-RXSwiftStudy.release.xcconfig"; path = "Pods/Target Support Files/Pods-RXSwiftStudy/Pods-RXSwiftStudy.release.xcconfig"; sourceTree = "<group>"; };
		320AD22521944BF5007BF7FF /* RXSwiftStudy.app */ = {isa = PBXFileReference; explicitFileType = wrapper.application; includeInIndex = 0; path = RXSwiftStudy.app; sourceTree = BUILT_PRODUCTS_DIR; };
		320AD22821944BF5007BF7FF /* AppDelegate.swift */ = {isa = PBXFileReference; lastKnownFileType = sourcecode.swift; path = AppDelegate.swift; sourceTree = "<group>"; };
		320AD22A21944BF5007BF7FF /* ViewController.swift */ = {isa = PBXFileReference; lastKnownFileType = sourcecode.swift; path = ViewController.swift; sourceTree = "<group>"; };
		320AD22D21944BF5007BF7FF /* Base */ = {isa = PBXFileReference; lastKnownFileType = file.storyboard; name = Base; path = Base.lproj/Main.storyboard; sourceTree = "<group>"; };
		320AD22F21944BF7007BF7FF /* Assets.xcassets */ = {isa = PBXFileReference; lastKnownFileType = folder.assetcatalog; path = Assets.xcassets; sourceTree = "<group>"; };
		320AD23221944BF7007BF7FF /* Base */ = {isa = PBXFileReference; lastKnownFileType = file.storyboard; name = Base; path = Base.lproj/LaunchScreen.storyboard; sourceTree = "<group>"; };
		320AD23421944BF7007BF7FF /* Info.plist */ = {isa = PBXFileReference; lastKnownFileType = text.plist.xml; path = Info.plist; sourceTree = "<group>"; };
		966FD93EFA7FA18052896B0A /* Pods-RXSwiftStudy.debug.xcconfig */ = {isa = PBXFileReference; includeInIndex = 1; lastKnownFileType = text.xcconfig; name = "Pods-RXSwiftStudy.debug.xcconfig"; path = "Pods/Target Support Files/Pods-RXSwiftStudy/Pods-RXSwiftStudy.debug.xcconfig"; sourceTree = "<group>"; };
		9720D7AFBA420496D7F49FB9 /* Pods_RXSwiftStudy.framework */ = {isa = PBXFileReference; explicitFileType = wrapper.framework; includeInIndex = 0; path = Pods_RXSwiftStudy.framework; sourceTree = BUILT_PRODUCTS_DIR; };
/* End PBXFileReference section */

/* Begin PBXFrameworksBuildPhase section */
		320AD22221944BF5007BF7FF /* Frameworks */ = {
			isa = PBXFrameworksBuildPhase;
			buildActionMask = 2147483647;
			files = (
				0E4EB71E83202E3354FE69C2 /* Pods_RXSwiftStudy.framework in Frameworks */,
			);
			runOnlyForDeploymentPostprocessing = 0;
		};
/* End PBXFrameworksBuildPhase section */

/* Begin PBXGroup section */
		320AD21C21944BF5007BF7FF = {
			isa = PBXGroup;
			children = (
				320AD22721944BF5007BF7FF /* RXSwiftStudy */,
				320AD22621944BF5007BF7FF /* Products */,
				A329F3EDB446EC33E08DB5C7 /* Pods */,
				7C9535B3603E9B25DED5894B /* Frameworks */,
			);
			sourceTree = "<group>";
		};
		320AD22621944BF5007BF7FF /* Products */ = {
			isa = PBXGroup;
			children = (
				320AD22521944BF5007BF7FF /* RXSwiftStudy.app */,
			);
			name = Products;
			sourceTree = "<group>";
		};
		320AD22721944BF5007BF7FF /* RXSwiftStudy */ = {
			isa = PBXGroup;
			children = (
				326EDC542194629C0081D498 /* playground */,
				320AD22821944BF5007BF7FF /* AppDelegate.swift */,
				320AD22A21944BF5007BF7FF /* ViewController.swift */,
				320AD22C21944BF5007BF7FF /* Main.storyboard */,
				320AD22F21944BF7007BF7FF /* Assets.xcassets */,
				320AD23121944BF7007BF7FF /* LaunchScreen.storyboard */,
				320AD23421944BF7007BF7FF /* Info.plist */,
			);
			path = RXSwiftStudy;
			sourceTree = "<group>";
		};
		326EDC542194629C0081D498 /* playground */ = {
			isa = PBXGroup;
			children = (
			);
			path = playground;
			sourceTree = "<group>";
		};
		7C9535B3603E9B25DED5894B /* Frameworks */ = {
			isa = PBXGroup;
			children = (
				9720D7AFBA420496D7F49FB9 /* Pods_RXSwiftStudy.framework */,
			);
			name = Frameworks;
			sourceTree = "<group>";
		};
		A329F3EDB446EC33E08DB5C7 /* Pods */ = {
			isa = PBXGroup;
			children = (
				966FD93EFA7FA18052896B0A /* Pods-RXSwiftStudy.debug.xcconfig */,
				22E6D7A44C773AB081328041 /* Pods-RXSwiftStudy.release.xcconfig */,
			);
			name = Pods;
			sourceTree = "<group>";
		};
/* End PBXGroup section */

/* Begin PBXNativeTarget section */
		320AD22421944BF5007BF7FF /* RXSwiftStudy */ = {
			isa = PBXNativeTarget;
			buildConfigurationList = 320AD23721944BF7007BF7FF /* Build configuration list for PBXNativeTarget "RXSwiftStudy" */;
			buildPhases = (
				4F072FF38964836823EEDA0A /* [CP] Check Pods Manifest.lock */,
				320AD22121944BF5007BF7FF /* Sources */,
				320AD22221944BF5007BF7FF /* Frameworks */,
				320AD22321944BF5007BF7FF /* Resources */,
				81E1EF961C8E16C17DCCF949 /* [CP] Embed Pods Frameworks */,
			);
			buildRules = (
			);
			dependencies = (
			);
			name = RXSwiftStudy;
			productName = RXSwiftStudy;
			productReference = 320AD22521944BF5007BF7FF /* RXSwiftStudy.app */;
			productType = "com.apple.product-type.application";
		};
/* End PBXNativeTarget section */

/* Begin PBXProject section */
		320AD21D21944BF5007BF7FF /* Project object */ = {
			isa = PBXProject;
			attributes = {
				LastSwiftUpdateCheck = 1000;
				LastUpgradeCheck = 1000;
				ORGANIZATIONNAME = Bruce;
				TargetAttributes = {
					320AD22421944BF5007BF7FF = {
						CreatedOnToolsVersion = 10.0;
					};
				};
			};
			buildConfigurationList = 320AD22021944BF5007BF7FF /* Build configuration list for PBXProject "RXSwiftStudy" */;
			compatibilityVersion = "Xcode 9.3";
			developmentRegion = en;
			hasScannedForEncodings = 0;
			knownRegions = (
				en,
				Base,
			);
			mainGroup = 320AD21C21944BF5007BF7FF;
			productRefGroup = 320AD22621944BF5007BF7FF /* Products */;
			projectDirPath = "";
			projectRoot = "";
			targets = (
				320AD22421944BF5007BF7FF /* RXSwiftStudy */,
			);
		};
/* End PBXProject section */

/* Begin PBXResourcesBuildPhase section */
		320AD22321944BF5007BF7FF /* Resources */ = {
			isa = PBXResourcesBuildPhase;
			buildActionMask = 2147483647;
			files = (
				320AD23321944BF7007BF7FF /* LaunchScreen.storyboard in Resources */,
				320AD23021944BF7007BF7FF /* Assets.xcassets in Resources */,
				320AD22E21944BF5007BF7FF /* Main.storyboard in Resources */,
			);
			runOnlyForDeploymentPostprocessing = 0;
		};
/* End PBXResourcesBuildPhase section */

/* Begin PBXShellScriptBuildPhase section */
		4F072FF38964836823EEDA0A /* [CP] Check Pods Manifest.lock */ = {
			isa = PBXShellScriptBuildPhase;
			buildActionMask = 2147483647;
			files = (
			);
			inputFileListPaths = (
			);
			inputPaths = (
				"${PODS_PODFILE_DIR_PATH}/Podfile.lock",
				"${PODS_ROOT}/Manifest.lock",
			);
			name = "[CP] Check Pods Manifest.lock";
			outputFileListPaths = (
			);
			outputPaths = (
				"$(DERIVED_FILE_DIR)/Pods-RXSwiftStudy-checkManifestLockResult.txt",
			);
			runOnlyForDeploymentPostprocessing = 0;
			shellPath = /bin/sh;
			shellScript = "diff \"${PODS_PODFILE_DIR_PATH}/Podfile.lock\" \"${PODS_ROOT}/Manifest.lock\" > /dev/null\nif [ $? != 0 ] ; then\n    # print error to STDERR\n    echo \"error: The sandbox is not in sync with the Podfile.lock. Run 'pod install' or update your CocoaPods installation.\" >&2\n    exit 1\nfi\n# This output is used by Xcode 'outputs' to avoid re-running this script phase.\necho \"SUCCESS\" > \"${SCRIPT_OUTPUT_FILE_0}\"\n";
			showEnvVarsInLog = 0;
		};
		81E1EF961C8E16C17DCCF949 /* [CP] Embed Pods Frameworks */ = {
			isa = PBXShellScriptBuildPhase;
			buildActionMask = 2147483647;
			files = (
			);
			inputFileListPaths = (
			);
			inputPaths = (
				"${SRCROOT}/Pods/Target Support Files/Pods-RXSwiftStudy/Pods-RXSwiftStudy-frameworks.sh",
				"${BUILT_PRODUCTS_DIR}/RxCocoa/RxCocoa.framework",
				"${BUILT_PRODUCTS_DIR}/RxSwift/RxSwift.framework",
			);
			name = "[CP] Embed Pods Frameworks";
			outputFileListPaths = (
			);
			outputPaths = (
				"${TARGET_BUILD_DIR}/${FRAMEWORKS_FOLDER_PATH}/RxCocoa.framework",
				"${TARGET_BUILD_DIR}/${FRAMEWORKS_FOLDER_PATH}/RxSwift.framework",
			);
			runOnlyForDeploymentPostprocessing = 0;
			shellPath = /bin/sh;
			shellScript = "\"${SRCROOT}/Pods/Target Support Files/Pods-RXSwiftStudy/Pods-RXSwiftStudy-frameworks.sh\"\n";
			showEnvVarsInLog = 0;
		};
/* End PBXShellScriptBuildPhase section */

/* Begin PBXSourcesBuildPhase section */
		320AD22121944BF5007BF7FF /* Sources */ = {
			isa = PBXSourcesBuildPhase;
			buildActionMask = 2147483647;
			files = (
				320AD22B21944BF5007BF7FF /* ViewController.swift in Sources */,
				320AD22921944BF5007BF7FF /* AppDelegate.swift in Sources */,
			);
			runOnlyForDeploymentPostprocessing = 0;
		};
/* End PBXSourcesBuildPhase section */

/* Begin PBXVariantGroup section */
		320AD22C21944BF5007BF7FF /* Main.storyboard */ = {
			isa = PBXVariantGroup;
			children = (
				320AD22D21944BF5007BF7FF /* Base */,
			);
			name = Main.storyboard;
			sourceTree = "<group>";
		};
		320AD23121944BF7007BF7FF /* LaunchScreen.storyboard */ = {
			isa = PBXVariantGroup;
			children = (
				320AD23221944BF7007BF7FF /* Base */,
			);
			name = LaunchScreen.storyboard;
			sourceTree = "<group>";
		};
/* End PBXVariantGroup section */

/* Begin XCBuildConfiguration section */
		320AD23521944BF7007BF7FF /* Debug */ = {
			isa = XCBuildConfiguration;
			buildSettings = {
				ALWAYS_SEARCH_USER_PATHS = NO;
				CLANG_ANALYZER_NONNULL = YES;
				CLANG_ANALYZER_NUMBER_OBJECT_CONVERSION = YES_AGGRESSIVE;
				CLANG_CXX_LANGUAGE_STANDARD = "gnu++14";
				CLANG_CXX_LIBRARY = "libc++";
				CLANG_ENABLE_MODULES = YES;
				CLANG_ENABLE_OBJC_ARC = YES;
				CLANG_ENABLE_OBJC_WEAK = YES;
				CLANG_WARN_BLOCK_CAPTURE_AUTORELEASING = YES;
				CLANG_WARN_BOOL_CONVERSION = YES;
				CLANG_WARN_COMMA = YES;
				CLANG_WARN_CONSTANT_CONVERSION = YES;
				CLANG_WARN_DEPRECATED_OBJC_IMPLEMENTATIONS = YES;
				CLANG_WARN_DIRECT_OBJC_ISA_USAGE = YES_ERROR;
				CLANG_WARN_DOCUMENTATION_COMMENTS = YES;
				CLANG_WARN_EMPTY_BODY = YES;
				CLANG_WARN_ENUM_CONVERSION = YES;
				CLANG_WARN_INFINITE_RECURSION = YES;
				CLANG_WARN_INT_CONVERSION = YES;
				CLANG_WARN_NON_LITERAL_NULL_CONVERSION = YES;
				CLANG_WARN_OBJC_IMPLICIT_RETAIN_SELF = YES;
				CLANG_WARN_OBJC_LITERAL_CONVERSION = YES;
				CLANG_WARN_OBJC_ROOT_CLASS = YES_ERROR;
				CLANG_WARN_RANGE_LOOP_ANALYSIS = YES;
				CLANG_WARN_STRICT_PROTOTYPES = YES;
				CLANG_WARN_SUSPICIOUS_MOVE = YES;
				CLANG_WARN_UNGUARDED_AVAILABILITY = YES_AGGRESSIVE;
				CLANG_WARN_UNREACHABLE_CODE = YES;
				CLANG_WARN__DUPLICATE_METHOD_MATCH = YES;
				CODE_SIGN_IDENTITY = "iPhone Developer";
				COPY_PHASE_STRIP = NO;
				DEBUG_INFORMATION_FORMAT = dwarf;
				ENABLE_STRICT_OBJC_MSGSEND = YES;
				ENABLE_TESTABILITY = YES;
				GCC_C_LANGUAGE_STANDARD = gnu11;
				GCC_DYNAMIC_NO_PIC = NO;
				GCC_NO_COMMON_BLOCKS = YES;
				GCC_OPTIMIZATION_LEVEL = 0;
				GCC_PREPROCESSOR_DEFINITIONS = (
					"DEBUG=1",
					"$(inherited)",
				);
				GCC_WARN_64_TO_32_BIT_CONVERSION = YES;
				GCC_WARN_ABOUT_RETURN_TYPE = YES_ERROR;
				GCC_WARN_UNDECLARED_SELECTOR = YES;
				GCC_WARN_UNINITIALIZED_AUTOS = YES_AGGRESSIVE;
				GCC_WARN_UNUSED_FUNCTION = YES;
				GCC_WARN_UNUSED_VARIABLE = YES;
				IPHONEOS_DEPLOYMENT_TARGET = 12.0;
				MTL_ENABLE_DEBUG_INFO = INCLUDE_SOURCE;
				MTL_FAST_MATH = YES;
				ONLY_ACTIVE_ARCH = YES;
				SDKROOT = iphoneos;
				SWIFT_ACTIVE_COMPILATION_CONDITIONS = DEBUG;
				SWIFT_OPTIMIZATION_LEVEL = "-Onone";
			};
			name = Debug;
		};
		320AD23621944BF7007BF7FF /* Release */ = {
			isa = XCBuildConfiguration;
			buildSettings = {
				ALWAYS_SEARCH_USER_PATHS = NO;
				CLANG_ANALYZER_NONNULL = YES;
				CLANG_ANALYZER_NUMBER_OBJECT_CONVERSION = YES_AGGRESSIVE;
				CLANG_CXX_LANGUAGE_STANDARD = "gnu++14";
				CLANG_CXX_LIBRARY = "libc++";
				CLANG_ENABLE_MODULES = YES;
				CLANG_ENABLE_OBJC_ARC = YES;
				CLANG_ENABLE_OBJC_WEAK = YES;
				CLANG_WARN_BLOCK_CAPTURE_AUTORELEASING = YES;
				CLANG_WARN_BOOL_CONVERSION = YES;
				CLANG_WARN_COMMA = YES;
				CLANG_WARN_CONSTANT_CONVERSION = YES;
				CLANG_WARN_DEPRECATED_OBJC_IMPLEMENTATIONS = YES;
				CLANG_WARN_DIRECT_OBJC_ISA_USAGE = YES_ERROR;
				CLANG_WARN_DOCUMENTATION_COMMENTS = YES;
				CLANG_WARN_EMPTY_BODY = YES;
				CLANG_WARN_ENUM_CONVERSION = YES;
				CLANG_WARN_INFINITE_RECURSION = YES;
				CLANG_WARN_INT_CONVERSION = YES;
				CLANG_WARN_NON_LITERAL_NULL_CONVERSION = YES;
				CLANG_WARN_OBJC_IMPLICIT_RETAIN_SELF = YES;
				CLANG_WARN_OBJC_LITERAL_CONVERSION = YES;
				CLANG_WARN_OBJC_ROOT_CLASS = YES_ERROR;
				CLANG_WARN_RANGE_LOOP_ANALYSIS = YES;
				CLANG_WARN_STRICT_PROTOTYPES = YES;
				CLANG_WARN_SUSPICIOUS_MOVE = YES;
				CLANG_WARN_UNGUARDED_AVAILABILITY = YES_AGGRESSIVE;
				CLANG_WARN_UNREACHABLE_CODE = YES;
				CLANG_WARN__DUPLICATE_METHOD_MATCH = YES;
				CODE_SIGN_IDENTITY = "iPhone Developer";
				COPY_PHASE_STRIP = NO;
				DEBUG_INFORMATION_FORMAT = "dwarf-with-dsym";
				ENABLE_NS_ASSERTIONS = NO;
				ENABLE_STRICT_OBJC_MSGSEND = YES;
				GCC_C_LANGUAGE_STANDARD = gnu11;
				GCC_NO_COMMON_BLOCKS = YES;
				GCC_WARN_64_TO_32_BIT_CONVERSION = YES;
				GCC_WARN_ABOUT_RETURN_TYPE = YES_ERROR;
				GCC_WARN_UNDECLARED_SELECTOR = YES;
				GCC_WARN_UNINITIALIZED_AUTOS = YES_AGGRESSIVE;
				GCC_WARN_UNUSED_FUNCTION = YES;
				GCC_WARN_UNUSED_VARIABLE = YES;
				IPHONEOS_DEPLOYMENT_TARGET = 12.0;
				MTL_ENABLE_DEBUG_INFO = NO;
				MTL_FAST_MATH = YES;
				SDKROOT = iphoneos;
				SWIFT_COMPILATION_MODE = wholemodule;
				SWIFT_OPTIMIZATION_LEVEL = "-O";
				VALIDATE_PRODUCT = YES;
			};
			name = Release;
		};
		320AD23821944BF7007BF7FF /* Debug */ = {
			isa = XCBuildConfiguration;
			baseConfigurationReference = 966FD93EFA7FA18052896B0A /* Pods-RXSwiftStudy.debug.xcconfig */;
			buildSettings = {
				ASSETCATALOG_COMPILER_APPICON_NAME = AppIcon;
				CODE_SIGN_STYLE = Automatic;
				DEVELOPMENT_TEAM = KRYE8VW74K;
				INFOPLIST_FILE = RXSwiftStudy/Info.plist;
				LD_RUNPATH_SEARCH_PATHS = (
					"$(inherited)",
					"@executable_path/Frameworks",
				);
				PRODUCT_BUNDLE_IDENTIFIER = Esun.RXSwiftStudy;
				PRODUCT_NAME = "$(TARGET_NAME)";
				SWIFT_VERSION = 4.2;
				TARGETED_DEVICE_FAMILY = "1,2";
			};
			name = Debug;
		};
		320AD23921944BF7007BF7FF /* Release */ = {
			isa = XCBuildConfiguration;
			baseConfigurationReference = 22E6D7A44C773AB081328041 /* Pods-RXSwiftStudy.release.xcconfig */;
			buildSettings = {
				ASSETCATALOG_COMPILER_APPICON_NAME = AppIcon;
				CODE_SIGN_STYLE = Automatic;
				DEVELOPMENT_TEAM = KRYE8VW74K;
				INFOPLIST_FILE = RXSwiftStudy/Info.plist;
				LD_RUNPATH_SEARCH_PATHS = (
					"$(inherited)",
					"@executable_path/Frameworks",
				);
				PRODUCT_BUNDLE_IDENTIFIER = Esun.RXSwiftStudy;
				PRODUCT_NAME = "$(TARGET_NAME)";
				SWIFT_VERSION = 4.2;
				TARGETED_DEVICE_FAMILY = "1,2";
			};
			name = Release;
		};
/* End XCBuildConfiguration section */

/* Begin XCConfigurationList section */
		320AD22021944BF5007BF7FF /* Build configuration list for PBXProject "RXSwiftStudy" */ = {
			isa = XCConfigurationList;
			buildConfigurations = (
				320AD23521944BF7007BF7FF /* Debug */,
				320AD23621944BF7007BF7FF /* Release */,
			);
			defaultConfigurationIsVisible = 0;
			defaultConfigurationName = Release;
		};
		320AD23721944BF7007BF7FF /* Build configuration list for PBXNativeTarget "RXSwiftStudy" */ = {
			isa = XCConfigurationList;
			buildConfigurations = (
				320AD23821944BF7007BF7FF /* Debug */,
				320AD23921944BF7007BF7FF /* Release */,
			);
			defaultConfigurationIsVisible = 0;
			defaultConfigurationName = Release;
		};
/* End XCConfigurationList section */
	};
	rootObject = 320AD21D21944BF5007BF7FF /* Project object */;
}
