// !$*UTF8*$!
{
	archiveVersion = 1;
	classes = {
	};
	objectVersion = 50;
	objects = {

/* Begin PBXBuildFile section */
		32487E5921B4CE1D00A366FC /* AppDelegate.m in Sources */ = {isa = PBXBuildFile; fileRef = 32487E5821B4CE1D00A366FC /* AppDelegate.m */; };
		32487E5C21B4CE1D00A366FC /* ViewController.m in Sources */ = {isa = PBXBuildFile; fileRef = 32487E5B21B4CE1D00A366FC /* ViewController.m */; };
		32487E5F21B4CE1D00A366FC /* Main.storyboard in Resources */ = {isa = PBXBuildFile; fileRef = 32487E5D21B4CE1D00A366FC /* Main.storyboard */; };
		32487E6121B4CE2000A366FC /* Assets.xcassets in Resources */ = {isa = PBXBuildFile; fileRef = 32487E6021B4CE2000A366FC /* Assets.xcassets */; };
		32487E6421B4CE2000A366FC /* LaunchScreen.storyboard in Resources */ = {isa = PBXBuildFile; fileRef = 32487E6221B4CE2000A366FC /* LaunchScreen.storyboard */; };
		32487E6721B4CE2000A366FC /* main.m in Sources */ = {isa = PBXBuildFile; fileRef = 32487E6621B4CE2000A366FC /* main.m */; };
		32487E6F21B4CE4100A366FC /* NSObject+KVO.m in Sources */ = {isa = PBXBuildFile; fileRef = 32487E6E21B4CE4100A366FC /* NSObject+KVO.m */; };
		8D803D08225A5048008E80CC /* HURunTimeStudy.m in Sources */ = {isa = PBXBuildFile; fileRef = 8D803D07225A5048008E80CC /* HURunTimeStudy.m */; };
		8DD5C883225AF61900BA49B1 /* JKTest.m in Sources */ = {isa = PBXBuildFile; fileRef = 8DD5C882225AF61900BA49B1 /* JKTest.m */; };
/* End PBXBuildFile section */

/* Begin PBXFileReference section */
		32487E5421B4CE1D00A366FC /* HU_KVO.app */ = {isa = PBXFileReference; explicitFileType = wrapper.application; includeInIndex = 0; path = HU_KVO.app; sourceTree = BUILT_PRODUCTS_DIR; };
		32487E5721B4CE1D00A366FC /* AppDelegate.h */ = {isa = PBXFileReference; lastKnownFileType = sourcecode.c.h; path = AppDelegate.h; sourceTree = "<group>"; };
		32487E5821B4CE1D00A366FC /* AppDelegate.m */ = {isa = PBXFileReference; lastKnownFileType = sourcecode.c.objc; path = AppDelegate.m; sourceTree = "<group>"; };
		32487E5A21B4CE1D00A366FC /* ViewController.h */ = {isa = PBXFileReference; lastKnownFileType = sourcecode.c.h; path = ViewController.h; sourceTree = "<group>"; };
		32487E5B21B4CE1D00A366FC /* ViewController.m */ = {isa = PBXFileReference; lastKnownFileType = sourcecode.c.objc; path = ViewController.m; sourceTree = "<group>"; };
		32487E5E21B4CE1D00A366FC /* Base */ = {isa = PBXFileReference; lastKnownFileType = file.storyboard; name = Base; path = Base.lproj/Main.storyboard; sourceTree = "<group>"; };
		32487E6021B4CE2000A366FC /* Assets.xcassets */ = {isa = PBXFileReference; lastKnownFileType = folder.assetcatalog; path = Assets.xcassets; sourceTree = "<group>"; };
		32487E6321B4CE2000A366FC /* Base */ = {isa = PBXFileReference; lastKnownFileType = file.storyboard; name = Base; path = Base.lproj/LaunchScreen.storyboard; sourceTree = "<group>"; };
		32487E6521B4CE2000A366FC /* Info.plist */ = {isa = PBXFileReference; lastKnownFileType = text.plist.xml; path = Info.plist; sourceTree = "<group>"; };
		32487E6621B4CE2000A366FC /* main.m */ = {isa = PBXFileReference; lastKnownFileType = sourcecode.c.objc; path = main.m; sourceTree = "<group>"; };
		32487E6D21B4CE4100A366FC /* NSObject+KVO.h */ = {isa = PBXFileReference; lastKnownFileType = sourcecode.c.h; path = "NSObject+KVO.h"; sourceTree = "<group>"; };
		32487E6E21B4CE4100A366FC /* NSObject+KVO.m */ = {isa = PBXFileReference; lastKnownFileType = sourcecode.c.objc; path = "NSObject+KVO.m"; sourceTree = "<group>"; };
		8D803D06225A5048008E80CC /* HURunTimeStudy.h */ = {isa = PBXFileReference; lastKnownFileType = sourcecode.c.h; path = HURunTimeStudy.h; sourceTree = "<group>"; };
		8D803D07225A5048008E80CC /* HURunTimeStudy.m */ = {isa = PBXFileReference; lastKnownFileType = sourcecode.c.objc; path = HURunTimeStudy.m; sourceTree = "<group>"; };
		8DD5C880225AF5D500BA49B1 /* NSObject+Test.h */ = {isa = PBXFileReference; lastKnownFileType = sourcecode.c.h; path = "NSObject+Test.h"; sourceTree = "<group>"; };
		8DD5C881225AF61900BA49B1 /* JKTest.h */ = {isa = PBXFileReference; lastKnownFileType = sourcecode.c.h; path = JKTest.h; sourceTree = "<group>"; };
		8DD5C882225AF61900BA49B1 /* JKTest.m */ = {isa = PBXFileReference; lastKnownFileType = sourcecode.c.objc; path = JKTest.m; sourceTree = "<group>"; };
		8DD5C884225AF63800BA49B1 /* JKTest+JKTestExtension.h */ = {isa = PBXFileReference; lastKnownFileType = sourcecode.c.h; path = "JKTest+JKTestExtension.h"; sourceTree = "<group>"; };
/* End PBXFileReference section */

/* Begin PBXFrameworksBuildPhase section */
		32487E5121B4CE1D00A366FC /* Frameworks */ = {
			isa = PBXFrameworksBuildPhase;
			buildActionMask = 2147483647;
			files = (
			);
			runOnlyForDeploymentPostprocessing = 0;
		};
/* End PBXFrameworksBuildPhase section */

/* Begin PBXGroup section */
		32487E4B21B4CE1D00A366FC = {
			isa = PBXGroup;
			children = (
				32487E5621B4CE1D00A366FC /* HU_KVO */,
				32487E5521B4CE1D00A366FC /* Products */,
			);
			sourceTree = "<group>";
		};
		32487E5521B4CE1D00A366FC /* Products */ = {
			isa = PBXGroup;
			children = (
				32487E5421B4CE1D00A366FC /* HU_KVO.app */,
			);
			name = Products;
			sourceTree = "<group>";
		};
		32487E5621B4CE1D00A366FC /* HU_KVO */ = {
			isa = PBXGroup;
			children = (
				32487E5721B4CE1D00A366FC /* AppDelegate.h */,
				32487E5821B4CE1D00A366FC /* AppDelegate.m */,
				32487E5A21B4CE1D00A366FC /* ViewController.h */,
				32487E5B21B4CE1D00A366FC /* ViewController.m */,
				8DD5C880225AF5D500BA49B1 /* NSObject+Test.h */,
				8DD5C881225AF61900BA49B1 /* JKTest.h */,
				8DD5C882225AF61900BA49B1 /* JKTest.m */,
				8DD5C884225AF63800BA49B1 /* JKTest+JKTestExtension.h */,
				8D803D06225A5048008E80CC /* HURunTimeStudy.h */,
				8D803D07225A5048008E80CC /* HURunTimeStudy.m */,
				32487E6D21B4CE4100A366FC /* NSObject+KVO.h */,
				32487E6E21B4CE4100A366FC /* NSObject+KVO.m */,
				32487E5D21B4CE1D00A366FC /* Main.storyboard */,
				32487E6021B4CE2000A366FC /* Assets.xcassets */,
				32487E6221B4CE2000A366FC /* LaunchScreen.storyboard */,
				32487E6521B4CE2000A366FC /* Info.plist */,
				32487E6621B4CE2000A366FC /* main.m */,
			);
			path = HU_KVO;
			sourceTree = "<group>";
		};
/* End PBXGroup section */

/* Begin PBXNativeTarget section */
		32487E5321B4CE1D00A366FC /* HU_KVO */ = {
			isa = PBXNativeTarget;
			buildConfigurationList = 32487E6A21B4CE2000A366FC /* Build configuration list for PBXNativeTarget "HU_KVO" */;
			buildPhases = (
				32487E5021B4CE1D00A366FC /* Sources */,
				32487E5121B4CE1D00A366FC /* Frameworks */,
				32487E5221B4CE1D00A366FC /* Resources */,
			);
			buildRules = (
			);
			dependencies = (
			);
			name = HU_KVO;
			productName = HU_KVO;
			productReference = 32487E5421B4CE1D00A366FC /* HU_KVO.app */;
			productType = "com.apple.product-type.application";
		};
/* End PBXNativeTarget section */

/* Begin PBXProject section */
		32487E4C21B4CE1D00A366FC /* Project object */ = {
			isa = PBXProject;
			attributes = {
				LastUpgradeCheck = 1000;
				ORGANIZATIONNAME = Bruce;
				TargetAttributes = {
					32487E5321B4CE1D00A366FC = {
						CreatedOnToolsVersion = 10.0;
					};
				};
			};
			buildConfigurationList = 32487E4F21B4CE1D00A366FC /* Build configuration list for PBXProject "HU_KVO" */;
			compatibilityVersion = "Xcode 9.3";
			developmentRegion = en;
			hasScannedForEncodings = 0;
			knownRegions = (
				en,
				Base,
			);
			mainGroup = 32487E4B21B4CE1D00A366FC;
			productRefGroup = 32487E5521B4CE1D00A366FC /* Products */;
			projectDirPath = "";
			projectRoot = "";
			targets = (
				32487E5321B4CE1D00A366FC /* HU_KVO */,
			);
		};
/* End PBXProject section */

/* Begin PBXResourcesBuildPhase section */
		32487E5221B4CE1D00A366FC /* Resources */ = {
			isa = PBXResourcesBuildPhase;
			buildActionMask = 2147483647;
			files = (
				32487E6421B4CE2000A366FC /* LaunchScreen.storyboard in Resources */,
				32487E6121B4CE2000A366FC /* Assets.xcassets in Resources */,
				32487E5F21B4CE1D00A366FC /* Main.storyboard in Resources */,
			);
			runOnlyForDeploymentPostprocessing = 0;
		};
/* End PBXResourcesBuildPhase section */

/* Begin PBXSourcesBuildPhase section */
		32487E5021B4CE1D00A366FC /* Sources */ = {
			isa = PBXSourcesBuildPhase;
			buildActionMask = 2147483647;
			files = (
				32487E6F21B4CE4100A366FC /* NSObject+KVO.m in Sources */,
				32487E5C21B4CE1D00A366FC /* ViewController.m in Sources */,
				8D803D08225A5048008E80CC /* HURunTimeStudy.m in Sources */,
				32487E6721B4CE2000A366FC /* main.m in Sources */,
				8DD5C883225AF61900BA49B1 /* JKTest.m in Sources */,
				32487E5921B4CE1D00A366FC /* AppDelegate.m in Sources */,
			);
			runOnlyForDeploymentPostprocessing = 0;
		};
/* End PBXSourcesBuildPhase section */

/* Begin PBXVariantGroup section */
		32487E5D21B4CE1D00A366FC /* Main.storyboard */ = {
			isa = PBXVariantGroup;
			children = (
				32487E5E21B4CE1D00A366FC /* Base */,
			);
			name = Main.storyboard;
			sourceTree = "<group>";
		};
		32487E6221B4CE2000A366FC /* LaunchScreen.storyboard */ = {
			isa = PBXVariantGroup;
			children = (
				32487E6321B4CE2000A366FC /* Base */,
			);
			name = LaunchScreen.storyboard;
			sourceTree = "<group>";
		};
/* End PBXVariantGroup section */

/* Begin XCBuildConfiguration section */
		32487E6821B4CE2000A366FC /* Debug */ = {
			isa = XCBuildConfiguration;
			buildSettings = {
				ALWAYS_SEARCH_USER_PATHS = NO;
				CLANG_ANALYZER_NONNULL = YES;
				CLANG_ANALYZER_NUMBER_OBJECT_CONVERSION = YES_AGGRESSIVE;
				CLANG_CXX_LANGUAGE_STANDARD = "gnu++14";
				CLANG_CXX_LIBRARY = "libc++";
				CLANG_ENABLE_MODULES = YES;
				CLANG_ENABLE_OBJC_ARC = YES;
				CLANG_ENABLE_OBJC_WEAK = YES;
				CLANG_WARN_BLOCK_CAPTURE_AUTORELEASING = YES;
				CLANG_WARN_BOOL_CONVERSION = YES;
				CLANG_WARN_COMMA = YES;
				CLANG_WARN_CONSTANT_CONVERSION = YES;
				CLANG_WARN_DEPRECATED_OBJC_IMPLEMENTATIONS = YES;
				CLANG_WARN_DIRECT_OBJC_ISA_USAGE = YES_ERROR;
				CLANG_WARN_DOCUMENTATION_COMMENTS = YES;
				CLANG_WARN_EMPTY_BODY = YES;
				CLANG_WARN_ENUM_CONVERSION = YES;
				CLANG_WARN_INFINITE_RECURSION = YES;
				CLANG_WARN_INT_CONVERSION = YES;
				CLANG_WARN_NON_LITERAL_NULL_CONVERSION = YES;
				CLANG_WARN_OBJC_IMPLICIT_RETAIN_SELF = YES;
				CLANG_WARN_OBJC_LITERAL_CONVERSION = YES;
				CLANG_WARN_OBJC_ROOT_CLASS = YES_ERROR;
				CLANG_WARN_RANGE_LOOP_ANALYSIS = YES;
				CLANG_WARN_STRICT_PROTOTYPES = YES;
				CLANG_WARN_SUSPICIOUS_MOVE = YES;
				CLANG_WARN_UNGUARDED_AVAILABILITY = YES_AGGRESSIVE;
				CLANG_WARN_UNREACHABLE_CODE = YES;
				CLANG_WARN__DUPLICATE_METHOD_MATCH = YES;
				CODE_SIGN_IDENTITY = "iPhone Developer";
				COPY_PHASE_STRIP = NO;
				DEBUG_INFORMATION_FORMAT = dwarf;
				ENABLE_STRICT_OBJC_MSGSEND = YES;
				ENABLE_TESTABILITY = YES;
				GCC_C_LANGUAGE_STANDARD = gnu11;
				GCC_DYNAMIC_NO_PIC = NO;
				GCC_NO_COMMON_BLOCKS = YES;
				GCC_OPTIMIZATION_LEVEL = 0;
				GCC_PREPROCESSOR_DEFINITIONS = (
					"DEBUG=1",
					"$(inherited)",
				);
				GCC_WARN_64_TO_32_BIT_CONVERSION = YES;
				GCC_WARN_ABOUT_RETURN_TYPE = YES_ERROR;
				GCC_WARN_UNDECLARED_SELECTOR = YES;
				GCC_WARN_UNINITIALIZED_AUTOS = YES_AGGRESSIVE;
				GCC_WARN_UNUSED_FUNCTION = YES;
				GCC_WARN_UNUSED_VARIABLE = YES;
				IPHONEOS_DEPLOYMENT_TARGET = 12.0;
				MTL_ENABLE_DEBUG_INFO = INCLUDE_SOURCE;
				MTL_FAST_MATH = YES;
				ONLY_ACTIVE_ARCH = YES;
				SDKROOT = iphoneos;
			};
			name = Debug;
		};
		32487E6921B4CE2000A366FC /* Release */ = {
			isa = XCBuildConfiguration;
			buildSettings = {
				ALWAYS_SEARCH_USER_PATHS = NO;
				CLANG_ANALYZER_NONNULL = YES;
				CLANG_ANALYZER_NUMBER_OBJECT_CONVERSION = YES_AGGRESSIVE;
				CLANG_CXX_LANGUAGE_STANDARD = "gnu++14";
				CLANG_CXX_LIBRARY = "libc++";
				CLANG_ENABLE_MODULES = YES;
				CLANG_ENABLE_OBJC_ARC = YES;
				CLANG_ENABLE_OBJC_WEAK = YES;
				CLANG_WARN_BLOCK_CAPTURE_AUTORELEASING = YES;
				CLANG_WARN_BOOL_CONVERSION = YES;
				CLANG_WARN_COMMA = YES;
				CLANG_WARN_CONSTANT_CONVERSION = YES;
				CLANG_WARN_DEPRECATED_OBJC_IMPLEMENTATIONS = YES;
				CLANG_WARN_DIRECT_OBJC_ISA_USAGE = YES_ERROR;
				CLANG_WARN_DOCUMENTATION_COMMENTS = YES;
				CLANG_WARN_EMPTY_BODY = YES;
				CLANG_WARN_ENUM_CONVERSION = YES;
				CLANG_WARN_INFINITE_RECURSION = YES;
				CLANG_WARN_INT_CONVERSION = YES;
				CLANG_WARN_NON_LITERAL_NULL_CONVERSION = YES;
				CLANG_WARN_OBJC_IMPLICIT_RETAIN_SELF = YES;
				CLANG_WARN_OBJC_LITERAL_CONVERSION = YES;
				CLANG_WARN_OBJC_ROOT_CLASS = YES_ERROR;
				CLANG_WARN_RANGE_LOOP_ANALYSIS = YES;
				CLANG_WARN_STRICT_PROTOTYPES = YES;
				CLANG_WARN_SUSPICIOUS_MOVE = YES;
				CLANG_WARN_UNGUARDED_AVAILABILITY = YES_AGGRESSIVE;
				CLANG_WARN_UNREACHABLE_CODE = YES;
				CLANG_WARN__DUPLICATE_METHOD_MATCH = YES;
				CODE_SIGN_IDENTITY = "iPhone Developer";
				COPY_PHASE_STRIP = NO;
				DEBUG_INFORMATION_FORMAT = "dwarf-with-dsym";
				ENABLE_NS_ASSERTIONS = NO;
				ENABLE_STRICT_OBJC_MSGSEND = YES;
				GCC_C_LANGUAGE_STANDARD = gnu11;
				GCC_NO_COMMON_BLOCKS = YES;
				GCC_WARN_64_TO_32_BIT_CONVERSION = YES;
				GCC_WARN_ABOUT_RETURN_TYPE = YES_ERROR;
				GCC_WARN_UNDECLARED_SELECTOR = YES;
				GCC_WARN_UNINITIALIZED_AUTOS = YES_AGGRESSIVE;
				GCC_WARN_UNUSED_FUNCTION = YES;
				GCC_WARN_UNUSED_VARIABLE = YES;
				IPHONEOS_DEPLOYMENT_TARGET = 12.0;
				MTL_ENABLE_DEBUG_INFO = NO;
				MTL_FAST_MATH = YES;
				SDKROOT = iphoneos;
				VALIDATE_PRODUCT = YES;
			};
			name = Release;
		};
		32487E6B21B4CE2000A366FC /* Debug */ = {
			isa = XCBuildConfiguration;
			buildSettings = {
				ASSETCATALOG_COMPILER_APPICON_NAME = AppIcon;
				CODE_SIGN_STYLE = Automatic;
				DEVELOPMENT_TEAM = KRYE8VW74K;
				INFOPLIST_FILE = HU_KVO/Info.plist;
				LD_RUNPATH_SEARCH_PATHS = (
					"$(inherited)",
					"@executable_path/Frameworks",
				);
				PRODUCT_BUNDLE_IDENTIFIER = "Esun.HU-KVO";
				PRODUCT_NAME = "$(TARGET_NAME)";
				TARGETED_DEVICE_FAMILY = "1,2";
			};
			name = Debug;
		};
		32487E6C21B4CE2000A366FC /* Release */ = {
			isa = XCBuildConfiguration;
			buildSettings = {
				ASSETCATALOG_COMPILER_APPICON_NAME = AppIcon;
				CODE_SIGN_STYLE = Automatic;
				DEVELOPMENT_TEAM = KRYE8VW74K;
				INFOPLIST_FILE = HU_KVO/Info.plist;
				LD_RUNPATH_SEARCH_PATHS = (
					"$(inherited)",
					"@executable_path/Frameworks",
				);
				PRODUCT_BUNDLE_IDENTIFIER = "Esun.HU-KVO";
				PRODUCT_NAME = "$(TARGET_NAME)";
				TARGETED_DEVICE_FAMILY = "1,2";
			};
			name = Release;
		};
/* End XCBuildConfiguration section */

/* Begin XCConfigurationList section */
		32487E4F21B4CE1D00A366FC /* Build configuration list for PBXProject "HU_KVO" */ = {
			isa = XCConfigurationList;
			buildConfigurations = (
				32487E6821B4CE2000A366FC /* Debug */,
				32487E6921B4CE2000A366FC /* Release */,
			);
			defaultConfigurationIsVisible = 0;
			defaultConfigurationName = Release;
		};
		32487E6A21B4CE2000A366FC /* Build configuration list for PBXNativeTarget "HU_KVO" */ = {
			isa = XCConfigurationList;
			buildConfigurations = (
				32487E6B21B4CE2000A366FC /* Debug */,
				32487E6C21B4CE2000A366FC /* Release */,
			);
			defaultConfigurationIsVisible = 0;
			defaultConfigurationName = Release;
		};
/* End XCConfigurationList section */
	};
	rootObject = 32487E4C21B4CE1D00A366FC /* Project object */;
}
